
Microsoft Visual Studio Solution File, Format Version 12.00
# Visual Studio Version 17
VisualStudioVersion = 17.8.34408.163
MinimumVisualStudioVersion = 10.0.40219.1
Project("{FAE04EC0-301F-11D3-BF4B-00C04F79EFBC}") = "classtest", "classtest\classtest.csproj", "{C168D958-CFB0-4F2A-8A13-7B0D1985944D}"
EndProject
Project("{FAE04EC0-301F-11D3-BF4B-00C04F79EFBC}") = "classtest2", "classtest2\classtest2.csproj", "{2947C38E-1D6F-4E70-981F-49EE9406D979}"
EndProject
Global
	GlobalSection(SolutionConfigurationPlatforms) = preSolution
		Debug|Any CPU = Debug|Any CPU
		Release|Any CPU = Release|Any CPU
	EndGlobalSection
	GlobalSection(ProjectConfigurationPlatforms) = postSolution
		{C168D958-CFB0-4F2A-8A13-7B0D1985944D}.Debug|Any CPU.ActiveCfg = Debug|Any CPU
		{C168D958-CFB0-4F2A-8A13-7B0D1985944D}.Debug|Any CPU.Build.0 = Debug|Any CPU
		{C168D958-CFB0-4F2A-8A13-7B0D1985944D}.Release|Any CPU.ActiveCfg = Release|Any CPU
		{C168D958-CFB0-4F2A-8A13-7B0D1985944D}.Release|Any CPU.Build.0 = Release|Any CPU
		{2947C38E-1D6F-4E70-981F-49EE9406D979}.Debug|Any CPU.ActiveCfg = Debug|Any CPU
		{2947C38E-1D6F-4E70-981F-49EE9406D979}.Debug|Any CPU.Build.0 = Debug|Any CPU
		{2947C38E-1D6F-4E70-981F-49EE9406D979}.Release|Any CPU.ActiveCfg = Release|Any CPU
		{2947C38E-1D6F-4E70-981F-49EE9406D979}.Release|Any CPU.Build.0 = Release|Any CPU
	EndGlobalSection
	GlobalSection(SolutionProperties) = preSolution
		HideSolutionNode = FALSE
	EndGlobalSection
	GlobalSection(ExtensibilityGlobals) = postSolution
		SolutionGuid = {3E6E0E7B-47A0-4314-AB02-C70C41C5E003}
	EndGlobalSection
EndGlobal
