
Microsoft Visual Studio Solution File, Format Version 12.00
# Visual Studio Version 17
VisualStudioVersion = 17.8.34408.163
MinimumVisualStudioVersion = 10.0.40219.1
Project("{FAE04EC0-301F-11D3-BF4B-00C04F79EFBC}") = "windowsabstact", "windowsabstact\windowsabstact.csproj", "{B1F2363F-B7E1-4B07-9C0A-4120255FBCFD}"
EndProject
Global
	GlobalSection(SolutionConfigurationPlatforms) = preSolution
		Debug|Any CPU = Debug|Any CPU
		Release|Any CPU = Release|Any CPU
	EndGlobalSection
	GlobalSection(ProjectConfigurationPlatforms) = postSolution
		{B1F2363F-B7E1-4B07-9C0A-4120255FBCFD}.Debug|Any CPU.ActiveCfg = Debug|Any CPU
		{B1F2363F-B7E1-4B07-9C0A-4120255FBCFD}.Debug|Any CPU.Build.0 = Debug|Any CPU
		{B1F2363F-B7E1-4B07-9C0A-4120255FBCFD}.Release|Any CPU.ActiveCfg = Release|Any CPU
		{B1F2363F-B7E1-4B07-9C0A-4120255FBCFD}.Release|Any CPU.Build.0 = Release|Any CPU
	EndGlobalSection
	GlobalSection(SolutionProperties) = preSolution
		HideSolutionNode = FALSE
	EndGlobalSection
	GlobalSection(ExtensibilityGlobals) = postSolution
		SolutionGuid = {23A32553-A5D2-4E28-951D-4DE2B7C28F63}
	EndGlobalSection
EndGlobal
