
Microsoft Visual Studio Solution File, Format Version 12.00
# Visual Studio Version 17
VisualStudioVersion = 17.9.34728.123
MinimumVisualStudioVersion = 10.0.40219.1
Project("{FAE04EC0-301F-11D3-BF4B-00C04F79EFBC}") = "TechnoCollegeManagment", "TechnoCollegeManagment\TechnoCollegeManagment.csproj", "{AFE01B53-1B8A-48BB-B28A-C2E837FD7674}"
EndProject
Global
	GlobalSection(SolutionConfigurationPlatforms) = preSolution
		Debug|Any CPU = Debug|Any CPU
		Release|Any CPU = Release|Any CPU
	EndGlobalSection
	GlobalSection(ProjectConfigurationPlatforms) = postSolution
		{AFE01B53-1B8A-48BB-B28A-C2E837FD7674}.Debug|Any CPU.ActiveCfg = Debug|Any CPU
		{AFE01B53-1B8A-48BB-B28A-C2E837FD7674}.Debug|Any CPU.Build.0 = Debug|Any CPU
		{AFE01B53-1B8A-48BB-B28A-C2E837FD7674}.Release|Any CPU.ActiveCfg = Release|Any CPU
		{AFE01B53-1B8A-48BB-B28A-C2E837FD7674}.Release|Any CPU.Build.0 = Release|Any CPU
	EndGlobalSection
	GlobalSection(SolutionProperties) = preSolution
		HideSolutionNode = FALSE
	EndGlobalSection
	GlobalSection(ExtensibilityGlobals) = postSolution
		SolutionGuid = {E95543E2-3A55-4F7F-8464-5D900245279D}
	EndGlobalSection
EndGlobal
