
Microsoft Visual Studio Solution File, Format Version 12.00
# Visual Studio Version 17
VisualStudioVersion = 17.8.34408.163
MinimumVisualStudioVersion = 10.0.40219.1
Project("{FAE04EC0-301F-11D3-BF4B-00C04F79EFBC}") = "windowsForms1", "windowsForms1\windowsForms1.csproj", "{A4E78086-5110-4D7F-8B82-C2A186600D45}"
EndProject
Global
	GlobalSection(SolutionConfigurationPlatforms) = preSolution
		Debug|Any CPU = Debug|Any CPU
		Release|Any CPU = Release|Any CPU
	EndGlobalSection
	GlobalSection(ProjectConfigurationPlatforms) = postSolution
		{A4E78086-5110-4D7F-8B82-C2A186600D45}.Debug|Any CPU.ActiveCfg = Debug|Any CPU
		{A4E78086-5110-4D7F-8B82-C2A186600D45}.Debug|Any CPU.Build.0 = Debug|Any CPU
		{A4E78086-5110-4D7F-8B82-C2A186600D45}.Release|Any CPU.ActiveCfg = Release|Any CPU
		{A4E78086-5110-4D7F-8B82-C2A186600D45}.Release|Any CPU.Build.0 = Release|Any CPU
	EndGlobalSection
	GlobalSection(SolutionProperties) = preSolution
		HideSolutionNode = FALSE
	EndGlobalSection
	GlobalSection(ExtensibilityGlobals) = postSolution
		SolutionGuid = {96B49368-30F1-4082-946C-87FFB4F54AED}
	EndGlobalSection
EndGlobal
