
Microsoft Visual Studio Solution File, Format Version 12.00
# Visual Studio Version 17
VisualStudioVersion = 17.8.34408.163
MinimumVisualStudioVersion = 10.0.40219.1
Project("{FAE04EC0-301F-11D3-BF4B-00C04F79EFBC}") = "parteee", "parteee\parteee.csproj", "{CF447BC3-328F-4250-9015-A79CC8E47C21}"
EndProject
Global
	GlobalSection(SolutionConfigurationPlatforms) = preSolution
		Debug|Any CPU = Debug|Any CPU
		Release|Any CPU = Release|Any CPU
	EndGlobalSection
	GlobalSection(ProjectConfigurationPlatforms) = postSolution
		{CF447BC3-328F-4250-9015-A79CC8E47C21}.Debug|Any CPU.ActiveCfg = Debug|Any CPU
		{CF447BC3-328F-4250-9015-A79CC8E47C21}.Debug|Any CPU.Build.0 = Debug|Any CPU
		{CF447BC3-328F-4250-9015-A79CC8E47C21}.Release|Any CPU.ActiveCfg = Release|Any CPU
		{CF447BC3-328F-4250-9015-A79CC8E47C21}.Release|Any CPU.Build.0 = Release|Any CPU
	EndGlobalSection
	GlobalSection(SolutionProperties) = preSolution
		HideSolutionNode = FALSE
	EndGlobalSection
	GlobalSection(ExtensibilityGlobals) = postSolution
		SolutionGuid = {584E6DE0-B60F-40CD-98E3-2753EC21358D}
	EndGlobalSection
EndGlobal
