
Microsoft Visual Studio Solution File, Format Version 12.00
# Visual Studio Version 17
VisualStudioVersion = 17.8.34408.163
MinimumVisualStudioVersion = 10.0.40219.1
Project("{FAE04EC0-301F-11D3-BF4B-00C04F79EFBC}") = "meet_project", "meet_project\meet_project.csproj", "{667F9242-0D9E-470B-A21B-9CC5D7559295}"
EndProject
Global
	GlobalSection(SolutionConfigurationPlatforms) = preSolution
		Debug|Any CPU = Debug|Any CPU
		Release|Any CPU = Release|Any CPU
	EndGlobalSection
	GlobalSection(ProjectConfigurationPlatforms) = postSolution
		{667F9242-0D9E-470B-A21B-9CC5D7559295}.Debug|Any CPU.ActiveCfg = Debug|Any CPU
		{667F9242-0D9E-470B-A21B-9CC5D7559295}.Debug|Any CPU.Build.0 = Debug|Any CPU
		{667F9242-0D9E-470B-A21B-9CC5D7559295}.Release|Any CPU.ActiveCfg = Release|Any CPU
		{667F9242-0D9E-470B-A21B-9CC5D7559295}.Release|Any CPU.Build.0 = Release|Any CPU
	EndGlobalSection
	GlobalSection(SolutionProperties) = preSolution
		HideSolutionNode = FALSE
	EndGlobalSection
	GlobalSection(ExtensibilityGlobals) = postSolution
		SolutionGuid = {E0BF41EE-7F69-4873-9FDD-DF96CD1524FF}
	EndGlobalSection
EndGlobal
