
Microsoft Visual Studio Solution File, Format Version 12.00
# Visual Studio Version 17
VisualStudioVersion = 17.8.34408.163
MinimumVisualStudioVersion = 10.0.40219.1
Project("{FAE04EC0-301F-11D3-BF4B-00C04F79EFBC}") = "Cineplexx", "Cineplexx\Cineplexx.csproj", "{7E2A6C27-E69B-4137-AA21-1C73BD28DDDA}"
EndProject
Global
	GlobalSection(SolutionConfigurationPlatforms) = preSolution
		Debug|Any CPU = Debug|Any CPU
		Release|Any CPU = Release|Any CPU
	EndGlobalSection
	GlobalSection(ProjectConfigurationPlatforms) = postSolution
		{7E2A6C27-E69B-4137-AA21-1C73BD28DDDA}.Debug|Any CPU.ActiveCfg = Debug|Any CPU
		{7E2A6C27-E69B-4137-AA21-1C73BD28DDDA}.Debug|Any CPU.Build.0 = Debug|Any CPU
		{7E2A6C27-E69B-4137-AA21-1C73BD28DDDA}.Release|Any CPU.ActiveCfg = Release|Any CPU
		{7E2A6C27-E69B-4137-AA21-1C73BD28DDDA}.Release|Any CPU.Build.0 = Release|Any CPU
	EndGlobalSection
	GlobalSection(SolutionProperties) = preSolution
		HideSolutionNode = FALSE
	EndGlobalSection
	GlobalSection(ExtensibilityGlobals) = postSolution
		SolutionGuid = {B7175E57-ED1A-41FB-97FE-7832A424FD1A}
	EndGlobalSection
EndGlobal
