
Microsoft Visual Studio Solution File, Format Version 12.00
# Visual Studio Version 17
VisualStudioVersion = 17.8.34408.163
MinimumVisualStudioVersion = 10.0.40219.1
Project("{FAE04EC0-301F-11D3-BF4B-00C04F79EFBC}") = "WindowsFormsApp1", "WindowsFormsApp1\WindowsFormsApp1.csproj", "{F2691411-9212-4C6B-AC66-105EAC2D3E43}"
EndProject
Global
	GlobalSection(SolutionConfigurationPlatforms) = preSolution
		Debug|Any CPU = Debug|Any CPU
		Release|Any CPU = Release|Any CPU
	EndGlobalSection
	GlobalSection(ProjectConfigurationPlatforms) = postSolution
		{F2691411-9212-4C6B-AC66-105EAC2D3E43}.Debug|Any CPU.ActiveCfg = Debug|Any CPU
		{F2691411-9212-4C6B-AC66-105EAC2D3E43}.Debug|Any CPU.Build.0 = Debug|Any CPU
		{F2691411-9212-4C6B-AC66-105EAC2D3E43}.Release|Any CPU.ActiveCfg = Release|Any CPU
		{F2691411-9212-4C6B-AC66-105EAC2D3E43}.Release|Any CPU.Build.0 = Release|Any CPU
	EndGlobalSection
	GlobalSection(SolutionProperties) = preSolution
		HideSolutionNode = FALSE
	EndGlobalSection
	GlobalSection(ExtensibilityGlobals) = postSolution
		SolutionGuid = {A1C2F08B-0E98-4D03-A6C2-D97B9CB2840F}
	EndGlobalSection
EndGlobal
