
Microsoft Visual Studio Solution File, Format Version 12.00
# Visual Studio Version 17
VisualStudioVersion = 17.8.34408.163
MinimumVisualStudioVersion = 10.0.40219.1
Project("{FAE04EC0-301F-11D3-BF4B-00C04F79EFBC}") = "Midterm_before", "Midterm_before\Midterm_before.csproj", "{E3BE6C31-13B4-43D7-AEC0-8B84DC0A7A8D}"
EndProject
Global
	GlobalSection(SolutionConfigurationPlatforms) = preSolution
		Debug|Any CPU = Debug|Any CPU
		Release|Any CPU = Release|Any CPU
	EndGlobalSection
	GlobalSection(ProjectConfigurationPlatforms) = postSolution
		{E3BE6C31-13B4-43D7-AEC0-8B84DC0A7A8D}.Debug|Any CPU.ActiveCfg = Debug|Any CPU
		{E3BE6C31-13B4-43D7-AEC0-8B84DC0A7A8D}.Debug|Any CPU.Build.0 = Debug|Any CPU
		{E3BE6C31-13B4-43D7-AEC0-8B84DC0A7A8D}.Release|Any CPU.ActiveCfg = Release|Any CPU
		{E3BE6C31-13B4-43D7-AEC0-8B84DC0A7A8D}.Release|Any CPU.Build.0 = Release|Any CPU
	EndGlobalSection
	GlobalSection(SolutionProperties) = preSolution
		HideSolutionNode = FALSE
	EndGlobalSection
	GlobalSection(ExtensibilityGlobals) = postSolution
		SolutionGuid = {26A96059-3AA1-40B0-BB19-03EF8ECED4E9}
	EndGlobalSection
EndGlobal
