
Microsoft Visual Studio Solution File, Format Version 12.00
# Visual Studio Version 17
VisualStudioVersion = 17.13.35828.75 d17.13
MinimumVisualStudioVersion = 10.0.40219.1
Project("{FAE04EC0-301F-11D3-BF4B-00C04F79EFBC}") = "LINQ_Project", "LINQ_Project\LINQ_Project.csproj", "{AE1F43C0-FEE0-4384-A627-4AECD64067B3}"
EndProject
Global
	GlobalSection(SolutionConfigurationPlatforms) = preSolution
		Debug|Any CPU = Debug|Any CPU
		Release|Any CPU = Release|Any CPU
	EndGlobalSection
	GlobalSection(ProjectConfigurationPlatforms) = postSolution
		{AE1F43C0-FEE0-4384-A627-4AECD64067B3}.Debug|Any CPU.ActiveCfg = Debug|Any CPU
		{AE1F43C0-FEE0-4384-A627-4AECD64067B3}.Debug|Any CPU.Build.0 = Debug|Any CPU
		{AE1F43C0-FEE0-4384-A627-4AECD64067B3}.Release|Any CPU.ActiveCfg = Release|Any CPU
		{AE1F43C0-FEE0-4384-A627-4AECD64067B3}.Release|Any CPU.Build.0 = Release|Any CPU
	EndGlobalSection
	GlobalSection(SolutionProperties) = preSolution
		HideSolutionNode = FALSE
	EndGlobalSection
	GlobalSection(ExtensibilityGlobals) = postSolution
		SolutionGuid = {1FFB637B-8C2E-4CD2-9C93-6D1E6855A2CB}
	EndGlobalSection
EndGlobal
