
Microsoft Visual Studio Solution File, Format Version 12.00
# Visual Studio Version 17
VisualStudioVersion = 17.8.34408.163
MinimumVisualStudioVersion = 10.0.40219.1
Project("{FAE04EC0-301F-11D3-BF4B-00C04F79EFBC}") = "midterm_section2", "midterm_section2\midterm_section2.csproj", "{66729D67-903C-4B86-8706-6E6601F1C59E}"
EndProject
Global
	GlobalSection(SolutionConfigurationPlatforms) = preSolution
		Debug|Any CPU = Debug|Any CPU
		Release|Any CPU = Release|Any CPU
	EndGlobalSection
	GlobalSection(ProjectConfigurationPlatforms) = postSolution
		{66729D67-903C-4B86-8706-6E6601F1C59E}.Debug|Any CPU.ActiveCfg = Debug|Any CPU
		{66729D67-903C-4B86-8706-6E6601F1C59E}.Debug|Any CPU.Build.0 = Debug|Any CPU
		{66729D67-903C-4B86-8706-6E6601F1C59E}.Release|Any CPU.ActiveCfg = Release|Any CPU
		{66729D67-903C-4B86-8706-6E6601F1C59E}.Release|Any CPU.Build.0 = Release|Any CPU
	EndGlobalSection
	GlobalSection(SolutionProperties) = preSolution
		HideSolutionNode = FALSE
	EndGlobalSection
	GlobalSection(ExtensibilityGlobals) = postSolution
		SolutionGuid = {9F3F21A2-B40B-4A2E-B836-CDE3F7217F6C}
	EndGlobalSection
EndGlobal
