
Microsoft Visual Studio Solution File, Format Version 12.00
# Visual Studio Version 17
VisualStudioVersion = 17.13.35828.75 d17.13
MinimumVisualStudioVersion = 10.0.40219.1
Project("{FAE04EC0-301F-11D3-BF4B-00C04F79EFBC}") = "AssignmentApp", "AssignmentApp\AssignmentApp.csproj", "{4BBF5EFB-4504-4FCD-8998-C59D9E36002B}"
EndProject
Global
	GlobalSection(SolutionConfigurationPlatforms) = preSolution
		Debug|Any CPU = Debug|Any CPU
		Release|Any CPU = Release|Any CPU
	EndGlobalSection
	GlobalSection(ProjectConfigurationPlatforms) = postSolution
		{4BBF5EFB-4504-4FCD-8998-C59D9E36002B}.Debug|Any CPU.ActiveCfg = Debug|Any CPU
		{4BBF5EFB-4504-4FCD-8998-C59D9E36002B}.Debug|Any CPU.Build.0 = Debug|Any CPU
		{4BBF5EFB-4504-4FCD-8998-C59D9E36002B}.Release|Any CPU.ActiveCfg = Release|Any CPU
		{4BBF5EFB-4504-4FCD-8998-C59D9E36002B}.Release|Any CPU.Build.0 = Release|Any CPU
	EndGlobalSection
	GlobalSection(SolutionProperties) = preSolution
		HideSolutionNode = FALSE
	EndGlobalSection
	GlobalSection(ExtensibilityGlobals) = postSolution
		SolutionGuid = {7FAA19EA-8189-42A4-8127-AAC0EABEDD76}
	EndGlobalSection
EndGlobal
